
Microsoft Visual Studio Solution File, Format Version 12.00
# Visual Studio Version 17
VisualStudioVersion = 17.10.35013.160
MinimumVisualStudioVersion = 10.0.40219.1
Project("{FAE04EC0-301F-11D3-BF4B-00C04F79EFBC}") = "PrinterDemo", "PrinterDemo.csproj", "{8F0B7640-8EF5-4EED-A6E1-FF2F1A793594}"
EndProject
Global
	GlobalSection(SolutionConfigurationPlatforms) = preSolution
		Debug|Any CPU = Debug|Any CPU
		Release|Any CPU = Release|Any CPU
	EndGlobalSection
	GlobalSection(ProjectConfigurationPlatforms) = postSolution
		{8F0B7640-8EF5-4EED-A6E1-FF2F1A793594}.Debug|Any CPU.ActiveCfg = Debug|Any CPU
		{8F0B7640-8EF5-4EED-A6E1-FF2F1A793594}.Debug|Any CPU.Build.0 = Debug|Any CPU
		{8F0B7640-8EF5-4EED-A6E1-FF2F1A793594}.Release|Any CPU.ActiveCfg = Release|Any CPU
		{8F0B7640-8EF5-4EED-A6E1-FF2F1A793594}.Release|Any CPU.Build.0 = Release|Any CPU
	EndGlobalSection
	GlobalSection(SolutionProperties) = preSolution
		HideSolutionNode = FALSE
	EndGlobalSection
	GlobalSection(ExtensibilityGlobals) = postSolution
		SolutionGuid = {478803BF-F56E-486B-B191-E9B4A8E9577B}
	EndGlobalSection
EndGlobal
